
Microsoft Visual Studio Solution File, Format Version 12.00
# Visual Studio Version 17
VisualStudioVersion = 17.4.33205.214
MinimumVisualStudioVersion = 10.0.40219.1
Project("{9A19103F-16F7-4668-BE54-9A1E7A4F7556}") = "Shop.Domain", "Shop.Domain\Shop.Domain.csproj", "{775CDCAB-9C59-4A13-B497-C7A9797C7C48}"
EndProject
Project("{9A19103F-16F7-4668-BE54-9A1E7A4F7556}") = "Shop.Infrastructure", "Shop.Infrastructure\Shop.Infrastructure.csproj", "{1ED545AA-02E6-4692-9837-32A0AB502933}"
EndProject
Project("{9A19103F-16F7-4668-BE54-9A1E7A4F7556}") = "Shop.Api", "Shop.Api\Shop.Api.csproj", "{8202C507-4F48-46E5-9C13-164631F6E7F3}"
EndProject
Project("{FAE04EC0-301F-11D3-BF4B-00C04F79EFBC}") = "Shop.Applicationn", "Shop.Applicationn\Shop.Applicationn.csproj", "{4225E80A-5AF9-4C4C-A087-2E4EBDCAF291}"
EndProject
Global
	GlobalSection(SolutionConfigurationPlatforms) = preSolution
		Debug|Any CPU = Debug|Any CPU
		Release|Any CPU = Release|Any CPU
	EndGlobalSection
	GlobalSection(ProjectConfigurationPlatforms) = postSolution
		{775CDCAB-9C59-4A13-B497-C7A9797C7C48}.Debug|Any CPU.ActiveCfg = Debug|Any CPU
		{775CDCAB-9C59-4A13-B497-C7A9797C7C48}.Debug|Any CPU.Build.0 = Debug|Any CPU
		{775CDCAB-9C59-4A13-B497-C7A9797C7C48}.Release|Any CPU.ActiveCfg = Release|Any CPU
		{775CDCAB-9C59-4A13-B497-C7A9797C7C48}.Release|Any CPU.Build.0 = Release|Any CPU
		{1ED545AA-02E6-4692-9837-32A0AB502933}.Debug|Any CPU.ActiveCfg = Debug|Any CPU
		{1ED545AA-02E6-4692-9837-32A0AB502933}.Debug|Any CPU.Build.0 = Debug|Any CPU
		{1ED545AA-02E6-4692-9837-32A0AB502933}.Release|Any CPU.ActiveCfg = Release|Any CPU
		{1ED545AA-02E6-4692-9837-32A0AB502933}.Release|Any CPU.Build.0 = Release|Any CPU
		{8202C507-4F48-46E5-9C13-164631F6E7F3}.Debug|Any CPU.ActiveCfg = Debug|Any CPU
		{8202C507-4F48-46E5-9C13-164631F6E7F3}.Debug|Any CPU.Build.0 = Debug|Any CPU
		{8202C507-4F48-46E5-9C13-164631F6E7F3}.Release|Any CPU.ActiveCfg = Release|Any CPU
		{8202C507-4F48-46E5-9C13-164631F6E7F3}.Release|Any CPU.Build.0 = Release|Any CPU
		{4225E80A-5AF9-4C4C-A087-2E4EBDCAF291}.Debug|Any CPU.ActiveCfg = Debug|Any CPU
		{4225E80A-5AF9-4C4C-A087-2E4EBDCAF291}.Debug|Any CPU.Build.0 = Debug|Any CPU
		{4225E80A-5AF9-4C4C-A087-2E4EBDCAF291}.Release|Any CPU.ActiveCfg = Release|Any CPU
		{4225E80A-5AF9-4C4C-A087-2E4EBDCAF291}.Release|Any CPU.Build.0 = Release|Any CPU
	EndGlobalSection
	GlobalSection(SolutionProperties) = preSolution
		HideSolutionNode = FALSE
	EndGlobalSection
	GlobalSection(ExtensibilityGlobals) = postSolution
		SolutionGuid = {1FCCA93F-EAD5-457F-A942-64016D5CF075}
	EndGlobalSection
EndGlobal
